// !$*UTF8*$!
{
	archiveVersion = 1;
	classes = {
	};
	objectVersion = 56;
	objects = {

/* Begin PBXBuildFile section */
		FDFA0DED2C9FBCF1007B2070 /* BaconCoders_OMG_iOSApp.swift in Sources */ = {isa = PBXBuildFile; fileRef = FDFA0DEC2C9FBCF1007B2070 /* BaconCoders_OMG_iOSApp.swift */; };
		FDFA0DEF2C9FBCF1007B2070 /* ContentView.swift in Sources */ = {isa = PBXBuildFile; fileRef = FDFA0DEE2C9FBCF1007B2070 /* ContentView.swift */; };
		FDFA0DF12C9FBCF5007B2070 /* Assets.xcassets in Resources */ = {isa = PBXBuildFile; fileRef = FDFA0DF02C9FBCF5007B2070 /* Assets.xcassets */; };
		FDFA0DF42C9FBCF5007B2070 /* Preview Assets.xcassets in Resources */ = {isa = PBXBuildFile; fileRef = FDFA0DF32C9FBCF5007B2070 /* Preview Assets.xcassets */; };
		FDFA0DF62C9FBCF5007B2070 /* Persistence.swift in Sources */ = {isa = PBXBuildFile; fileRef = FDFA0DF52C9FBCF5007B2070 /* Persistence.swift */; };
		FDFA0DF92C9FBCF5007B2070 /* BaconCoders_OMG_iOS.xcdatamodeld in Sources */ = {isa = PBXBuildFile; fileRef = FDFA0DF72C9FBCF5007B2070 /* BaconCoders_OMG_iOS.xcdatamodeld */; };
		FDFA0E032C9FBCF6007B2070 /* BaconCoders_OMG_iOSTests.swift in Sources */ = {isa = PBXBuildFile; fileRef = FDFA0E022C9FBCF6007B2070 /* BaconCoders_OMG_iOSTests.swift */; };
		FDFA0E0D2C9FBCF6007B2070 /* BaconCoders_OMG_iOSUITests.swift in Sources */ = {isa = PBXBuildFile; fileRef = FDFA0E0C2C9FBCF6007B2070 /* BaconCoders_OMG_iOSUITests.swift */; };
		FDFA0E0F2C9FBCF6007B2070 /* BaconCoders_OMG_iOSUITestsLaunchTests.swift in Sources */ = {isa = PBXBuildFile; fileRef = FDFA0E0E2C9FBCF6007B2070 /* BaconCoders_OMG_iOSUITestsLaunchTests.swift */; };
/* End PBXBuildFile section */

/* Begin PBXContainerItemProxy section */
		FDFA0DFF2C9FBCF6007B2070 /* PBXContainerItemProxy */ = {
			isa = PBXContainerItemProxy;
			containerPortal = FDFA0DE12C9FBCF1007B2070 /* Project object */;
			proxyType = 1;
			remoteGlobalIDString = FDFA0DE82C9FBCF1007B2070;
			remoteInfo = BaconCoders_OMG_iOS;
		};
		FDFA0E092C9FBCF6007B2070 /* PBXContainerItemProxy */ = {
			isa = PBXContainerItemProxy;
			containerPortal = FDFA0DE12C9FBCF1007B2070 /* Project object */;
			proxyType = 1;
			remoteGlobalIDString = FDFA0DE82C9FBCF1007B2070;
			remoteInfo = BaconCoders_OMG_iOS;
		};
/* End PBXContainerItemProxy section */

/* Begin PBXFileReference section */
		FDFA0DE92C9FBCF1007B2070 /* BaconCoders_OMG_iOS.app */ = {isa = PBXFileReference; explicitFileType = wrapper.application; includeInIndex = 0; path = BaconCoders_OMG_iOS.app; sourceTree = BUILT_PRODUCTS_DIR; };
		FDFA0DEC2C9FBCF1007B2070 /* BaconCoders_OMG_iOSApp.swift */ = {isa = PBXFileReference; lastKnownFileType = sourcecode.swift; path = BaconCoders_OMG_iOSApp.swift; sourceTree = "<group>"; };
		FDFA0DEE2C9FBCF1007B2070 /* ContentView.swift */ = {isa = PBXFileReference; lastKnownFileType = sourcecode.swift; path = ContentView.swift; sourceTree = "<group>"; };
		FDFA0DF02C9FBCF5007B2070 /* Assets.xcassets */ = {isa = PBXFileReference; lastKnownFileType = folder.assetcatalog; path = Assets.xcassets; sourceTree = "<group>"; };
		FDFA0DF32C9FBCF5007B2070 /* Preview Assets.xcassets */ = {isa = PBXFileReference; lastKnownFileType = folder.assetcatalog; path = "Preview Assets.xcassets"; sourceTree = "<group>"; };
		FDFA0DF52C9FBCF5007B2070 /* Persistence.swift */ = {isa = PBXFileReference; lastKnownFileType = sourcecode.swift; path = Persistence.swift; sourceTree = "<group>"; };
		FDFA0DF82C9FBCF5007B2070 /* BaconCoders_OMG_iOS.xcdatamodel */ = {isa = PBXFileReference; lastKnownFileType = wrapper.xcdatamodel; path = BaconCoders_OMG_iOS.xcdatamodel; sourceTree = "<group>"; };
		FDFA0DFE2C9FBCF6007B2070 /* BaconCoders_OMG_iOSTests.xctest */ = {isa = PBXFileReference; explicitFileType = wrapper.cfbundle; includeInIndex = 0; path = BaconCoders_OMG_iOSTests.xctest; sourceTree = BUILT_PRODUCTS_DIR; };
		FDFA0E022C9FBCF6007B2070 /* BaconCoders_OMG_iOSTests.swift */ = {isa = PBXFileReference; lastKnownFileType = sourcecode.swift; path = BaconCoders_OMG_iOSTests.swift; sourceTree = "<group>"; };
		FDFA0E082C9FBCF6007B2070 /* BaconCoders_OMG_iOSUITests.xctest */ = {isa = PBXFileReference; explicitFileType = wrapper.cfbundle; includeInIndex = 0; path = BaconCoders_OMG_iOSUITests.xctest; sourceTree = BUILT_PRODUCTS_DIR; };
		FDFA0E0C2C9FBCF6007B2070 /* BaconCoders_OMG_iOSUITests.swift */ = {isa = PBXFileReference; lastKnownFileType = sourcecode.swift; path = BaconCoders_OMG_iOSUITests.swift; sourceTree = "<group>"; };
		FDFA0E0E2C9FBCF6007B2070 /* BaconCoders_OMG_iOSUITestsLaunchTests.swift */ = {isa = PBXFileReference; lastKnownFileType = sourcecode.swift; path = BaconCoders_OMG_iOSUITestsLaunchTests.swift; sourceTree = "<group>"; };
/* End PBXFileReference section */

/* Begin PBXFrameworksBuildPhase section */
		FDFA0DE62C9FBCF1007B2070 /* Frameworks */ = {
			isa = PBXFrameworksBuildPhase;
			buildActionMask = 2147483647;
			files = (
			);
			runOnlyForDeploymentPostprocessing = 0;
		};
		FDFA0DFB2C9FBCF6007B2070 /* Frameworks */ = {
			isa = PBXFrameworksBuildPhase;
			buildActionMask = 2147483647;
			files = (
			);
			runOnlyForDeploymentPostprocessing = 0;
		};
		FDFA0E052C9FBCF6007B2070 /* Frameworks */ = {
			isa = PBXFrameworksBuildPhase;
			buildActionMask = 2147483647;
			files = (
			);
			runOnlyForDeploymentPostprocessing = 0;
		};
/* End PBXFrameworksBuildPhase section */

/* Begin PBXGroup section */
		FDFA0DE02C9FBCF1007B2070 = {
			isa = PBXGroup;
			children = (
				FDFA0DEB2C9FBCF1007B2070 /* BaconCoders_OMG_iOS */,
				FDFA0E012C9FBCF6007B2070 /* BaconCoders_OMG_iOSTests */,
				FDFA0E0B2C9FBCF6007B2070 /* BaconCoders_OMG_iOSUITests */,
				FDFA0DEA2C9FBCF1007B2070 /* Products */,
			);
			sourceTree = "<group>";
		};
		FDFA0DEA2C9FBCF1007B2070 /* Products */ = {
			isa = PBXGroup;
			children = (
				FDFA0DE92C9FBCF1007B2070 /* BaconCoders_OMG_iOS.app */,
				FDFA0DFE2C9FBCF6007B2070 /* BaconCoders_OMG_iOSTests.xctest */,
				FDFA0E082C9FBCF6007B2070 /* BaconCoders_OMG_iOSUITests.xctest */,
			);
			name = Products;
			sourceTree = "<group>";
		};
		FDFA0DEB2C9FBCF1007B2070 /* BaconCoders_OMG_iOS */ = {
			isa = PBXGroup;
			children = (
				FDFA0DEC2C9FBCF1007B2070 /* BaconCoders_OMG_iOSApp.swift */,
				FDFA0DEE2C9FBCF1007B2070 /* ContentView.swift */,
				FDFA0DF02C9FBCF5007B2070 /* Assets.xcassets */,
				FDFA0DF52C9FBCF5007B2070 /* Persistence.swift */,
				FDFA0DF72C9FBCF5007B2070 /* BaconCoders_OMG_iOS.xcdatamodeld */,
				FDFA0DF22C9FBCF5007B2070 /* Preview Content */,
			);
			path = BaconCoders_OMG_iOS;
			sourceTree = "<group>";
		};
		FDFA0DF22C9FBCF5007B2070 /* Preview Content */ = {
			isa = PBXGroup;
			children = (
				FDFA0DF32C9FBCF5007B2070 /* Preview Assets.xcassets */,
			);
			path = "Preview Content";
			sourceTree = "<group>";
		};
		FDFA0E012C9FBCF6007B2070 /* BaconCoders_OMG_iOSTests */ = {
			isa = PBXGroup;
			children = (
				FDFA0E022C9FBCF6007B2070 /* BaconCoders_OMG_iOSTests.swift */,
			);
			path = BaconCoders_OMG_iOSTests;
			sourceTree = "<group>";
		};
		FDFA0E0B2C9FBCF6007B2070 /* BaconCoders_OMG_iOSUITests */ = {
			isa = PBXGroup;
			children = (
				FDFA0E0C2C9FBCF6007B2070 /* BaconCoders_OMG_iOSUITests.swift */,
				FDFA0E0E2C9FBCF6007B2070 /* BaconCoders_OMG_iOSUITestsLaunchTests.swift */,
			);
			path = BaconCoders_OMG_iOSUITests;
			sourceTree = "<group>";
		};
/* End PBXGroup section */

/* Begin PBXNativeTarget section */
		FDFA0DE82C9FBCF1007B2070 /* BaconCoders_OMG_iOS */ = {
			isa = PBXNativeTarget;
			buildConfigurationList = FDFA0E122C9FBCF6007B2070 /* Build configuration list for PBXNativeTarget "BaconCoders_OMG_iOS" */;
			buildPhases = (
				FDFA0DE52C9FBCF1007B2070 /* Sources */,
				FDFA0DE62C9FBCF1007B2070 /* Frameworks */,
				FDFA0DE72C9FBCF1007B2070 /* Resources */,
			);
			buildRules = (
			);
			dependencies = (
			);
			name = BaconCoders_OMG_iOS;
			productName = BaconCoders_OMG_iOS;
			productReference = FDFA0DE92C9FBCF1007B2070 /* BaconCoders_OMG_iOS.app */;
			productType = "com.apple.product-type.application";
		};
		FDFA0DFD2C9FBCF6007B2070 /* BaconCoders_OMG_iOSTests */ = {
			isa = PBXNativeTarget;
			buildConfigurationList = FDFA0E152C9FBCF6007B2070 /* Build configuration list for PBXNativeTarget "BaconCoders_OMG_iOSTests" */;
			buildPhases = (
				FDFA0DFA2C9FBCF6007B2070 /* Sources */,
				FDFA0DFB2C9FBCF6007B2070 /* Frameworks */,
				FDFA0DFC2C9FBCF6007B2070 /* Resources */,
			);
			buildRules = (
			);
			dependencies = (
				FDFA0E002C9FBCF6007B2070 /* PBXTargetDependency */,
			);
			name = BaconCoders_OMG_iOSTests;
			productName = BaconCoders_OMG_iOSTests;
			productReference = FDFA0DFE2C9FBCF6007B2070 /* BaconCoders_OMG_iOSTests.xctest */;
			productType = "com.apple.product-type.bundle.unit-test";
		};
		FDFA0E072C9FBCF6007B2070 /* BaconCoders_OMG_iOSUITests */ = {
			isa = PBXNativeTarget;
			buildConfigurationList = FDFA0E182C9FBCF6007B2070 /* Build configuration list for PBXNativeTarget "BaconCoders_OMG_iOSUITests" */;
			buildPhases = (
				FDFA0E042C9FBCF6007B2070 /* Sources */,
				FDFA0E052C9FBCF6007B2070 /* Frameworks */,
				FDFA0E062C9FBCF6007B2070 /* Resources */,
			);
			buildRules = (
			);
			dependencies = (
				FDFA0E0A2C9FBCF6007B2070 /* PBXTargetDependency */,
			);
			name = BaconCoders_OMG_iOSUITests;
			productName = BaconCoders_OMG_iOSUITests;
			productReference = FDFA0E082C9FBCF6007B2070 /* BaconCoders_OMG_iOSUITests.xctest */;
			productType = "com.apple.product-type.bundle.ui-testing";
		};
/* End PBXNativeTarget section */

/* Begin PBXProject section */
		FDFA0DE12C9FBCF1007B2070 /* Project object */ = {
			isa = PBXProject;
			attributes = {
				BuildIndependentTargetsInParallel = 1;
				LastSwiftUpdateCheck = 1430;
				LastUpgradeCheck = 1430;
				TargetAttributes = {
					FDFA0DE82C9FBCF1007B2070 = {
						CreatedOnToolsVersion = 14.3.1;
					};
					FDFA0DFD2C9FBCF6007B2070 = {
						CreatedOnToolsVersion = 14.3.1;
						TestTargetID = FDFA0DE82C9FBCF1007B2070;
					};
					FDFA0E072C9FBCF6007B2070 = {
						CreatedOnToolsVersion = 14.3.1;
						TestTargetID = FDFA0DE82C9FBCF1007B2070;
					};
				};
			};
			buildConfigurationList = FDFA0DE42C9FBCF1007B2070 /* Build configuration list for PBXProject "BaconCoders_OMG_iOS" */;
			compatibilityVersion = "Xcode 14.0";
			developmentRegion = en;
			hasScannedForEncodings = 0;
			knownRegions = (
				en,
				Base,
			);
			mainGroup = FDFA0DE02C9FBCF1007B2070;
			productRefGroup = FDFA0DEA2C9FBCF1007B2070 /* Products */;
			projectDirPath = "";
			projectRoot = "";
			targets = (
				FDFA0DE82C9FBCF1007B2070 /* BaconCoders_OMG_iOS */,
				FDFA0DFD2C9FBCF6007B2070 /* BaconCoders_OMG_iOSTests */,
				FDFA0E072C9FBCF6007B2070 /* BaconCoders_OMG_iOSUITests */,
			);
		};
/* End PBXProject section */

/* Begin PBXResourcesBuildPhase section */
		FDFA0DE72C9FBCF1007B2070 /* Resources */ = {
			isa = PBXResourcesBuildPhase;
			buildActionMask = 2147483647;
			files = (
				FDFA0DF42C9FBCF5007B2070 /* Preview Assets.xcassets in Resources */,
				FDFA0DF12C9FBCF5007B2070 /* Assets.xcassets in Resources */,
			);
			runOnlyForDeploymentPostprocessing = 0;
		};
		FDFA0DFC2C9FBCF6007B2070 /* Resources */ = {
			isa = PBXResourcesBuildPhase;
			buildActionMask = 2147483647;
			files = (
			);
			runOnlyForDeploymentPostprocessing = 0;
		};
		FDFA0E062C9FBCF6007B2070 /* Resources */ = {
			isa = PBXResourcesBuildPhase;
			buildActionMask = 2147483647;
			files = (
			);
			runOnlyForDeploymentPostprocessing = 0;
		};
/* End PBXResourcesBuildPhase section */

/* Begin PBXSourcesBuildPhase section */
		FDFA0DE52C9FBCF1007B2070 /* Sources */ = {
			isa = PBXSourcesBuildPhase;
			buildActionMask = 2147483647;
			files = (
				FDFA0DF62C9FBCF5007B2070 /* Persistence.swift in Sources */,
				FDFA0DEF2C9FBCF1007B2070 /* ContentView.swift in Sources */,
				FDFA0DF92C9FBCF5007B2070 /* BaconCoders_OMG_iOS.xcdatamodeld in Sources */,
				FDFA0DED2C9FBCF1007B2070 /* BaconCoders_OMG_iOSApp.swift in Sources */,
			);
			runOnlyForDeploymentPostprocessing = 0;
		};
		FDFA0DFA2C9FBCF6007B2070 /* Sources */ = {
			isa = PBXSourcesBuildPhase;
			buildActionMask = 2147483647;
			files = (
				FDFA0E032C9FBCF6007B2070 /* BaconCoders_OMG_iOSTests.swift in Sources */,
			);
			runOnlyForDeploymentPostprocessing = 0;
		};
		FDFA0E042C9FBCF6007B2070 /* Sources */ = {
			isa = PBXSourcesBuildPhase;
			buildActionMask = 2147483647;
			files = (
				FDFA0E0F2C9FBCF6007B2070 /* BaconCoders_OMG_iOSUITestsLaunchTests.swift in Sources */,
				FDFA0E0D2C9FBCF6007B2070 /* BaconCoders_OMG_iOSUITests.swift in Sources */,
			);
			runOnlyForDeploymentPostprocessing = 0;
		};
/* End PBXSourcesBuildPhase section */

/* Begin PBXTargetDependency section */
		FDFA0E002C9FBCF6007B2070 /* PBXTargetDependency */ = {
			isa = PBXTargetDependency;
			target = FDFA0DE82C9FBCF1007B2070 /* BaconCoders_OMG_iOS */;
			targetProxy = FDFA0DFF2C9FBCF6007B2070 /* PBXContainerItemProxy */;
		};
		FDFA0E0A2C9FBCF6007B2070 /* PBXTargetDependency */ = {
			isa = PBXTargetDependency;
			target = FDFA0DE82C9FBCF1007B2070 /* BaconCoders_OMG_iOS */;
			targetProxy = FDFA0E092C9FBCF6007B2070 /* PBXContainerItemProxy */;
		};
/* End PBXTargetDependency section */

/* Begin XCBuildConfiguration section */
		FDFA0E102C9FBCF6007B2070 /* Debug */ = {
			isa = XCBuildConfiguration;
			buildSettings = {
				ALWAYS_SEARCH_USER_PATHS = NO;
				CLANG_ANALYZER_NONNULL = YES;
				CLANG_ANALYZER_NUMBER_OBJECT_CONVERSION = YES_AGGRESSIVE;
				CLANG_CXX_LANGUAGE_STANDARD = "gnu++20";
				CLANG_ENABLE_MODULES = YES;
				CLANG_ENABLE_OBJC_ARC = YES;
				CLANG_ENABLE_OBJC_WEAK = YES;
				CLANG_WARN_BLOCK_CAPTURE_AUTORELEASING = YES;
				CLANG_WARN_BOOL_CONVERSION = YES;
				CLANG_WARN_COMMA = YES;
				CLANG_WARN_CONSTANT_CONVERSION = YES;
				CLANG_WARN_DEPRECATED_OBJC_IMPLEMENTATIONS = YES;
				CLANG_WARN_DIRECT_OBJC_ISA_USAGE = YES_ERROR;
				CLANG_WARN_DOCUMENTATION_COMMENTS = YES;
				CLANG_WARN_EMPTY_BODY = YES;
				CLANG_WARN_ENUM_CONVERSION = YES;
				CLANG_WARN_INFINITE_RECURSION = YES;
				CLANG_WARN_INT_CONVERSION = YES;
				CLANG_WARN_NON_LITERAL_NULL_CONVERSION = YES;
				CLANG_WARN_OBJC_IMPLICIT_RETAIN_SELF = YES;
				CLANG_WARN_OBJC_LITERAL_CONVERSION = YES;
				CLANG_WARN_OBJC_ROOT_CLASS = YES_ERROR;
				CLANG_WARN_QUOTED_INCLUDE_IN_FRAMEWORK_HEADER = YES;
				CLANG_WARN_RANGE_LOOP_ANALYSIS = YES;
				CLANG_WARN_STRICT_PROTOTYPES = YES;
				CLANG_WARN_SUSPICIOUS_MOVE = YES;
				CLANG_WARN_UNGUARDED_AVAILABILITY = YES_AGGRESSIVE;
				CLANG_WARN_UNREACHABLE_CODE = YES;
				CLANG_WARN__DUPLICATE_METHOD_MATCH = YES;
				COPY_PHASE_STRIP = NO;
				DEBUG_INFORMATION_FORMAT = dwarf;
				ENABLE_STRICT_OBJC_MSGSEND = YES;
				ENABLE_TESTABILITY = YES;
				GCC_C_LANGUAGE_STANDARD = gnu11;
				GCC_DYNAMIC_NO_PIC = NO;
				GCC_NO_COMMON_BLOCKS = YES;
				GCC_OPTIMIZATION_LEVEL = 0;
				GCC_PREPROCESSOR_DEFINITIONS = (
					"DEBUG=1",
					"$(inherited)",
				);
				GCC_WARN_64_TO_32_BIT_CONVERSION = YES;
				GCC_WARN_ABOUT_RETURN_TYPE = YES_ERROR;
				GCC_WARN_UNDECLARED_SELECTOR = YES;
				GCC_WARN_UNINITIALIZED_AUTOS = YES_AGGRESSIVE;
				GCC_WARN_UNUSED_FUNCTION = YES;
				GCC_WARN_UNUSED_VARIABLE = YES;
				IPHONEOS_DEPLOYMENT_TARGET = 16.4;
				MTL_ENABLE_DEBUG_INFO = INCLUDE_SOURCE;
				MTL_FAST_MATH = YES;
				ONLY_ACTIVE_ARCH = YES;
				SDKROOT = iphoneos;
				SWIFT_ACTIVE_COMPILATION_CONDITIONS = DEBUG;
				SWIFT_OPTIMIZATION_LEVEL = "-Onone";
			};
			name = Debug;
		};
		FDFA0E112C9FBCF6007B2070 /* Release */ = {
			isa = XCBuildConfiguration;
			buildSettings = {
				ALWAYS_SEARCH_USER_PATHS = NO;
				CLANG_ANALYZER_NONNULL = YES;
				CLANG_ANALYZER_NUMBER_OBJECT_CONVERSION = YES_AGGRESSIVE;
				CLANG_CXX_LANGUAGE_STANDARD = "gnu++20";
				CLANG_ENABLE_MODULES = YES;
				CLANG_ENABLE_OBJC_ARC = YES;
				CLANG_ENABLE_OBJC_WEAK = YES;
				CLANG_WARN_BLOCK_CAPTURE_AUTORELEASING = YES;
				CLANG_WARN_BOOL_CONVERSION = YES;
				CLANG_WARN_COMMA = YES;
				CLANG_WARN_CONSTANT_CONVERSION = YES;
				CLANG_WARN_DEPRECATED_OBJC_IMPLEMENTATIONS = YES;
				CLANG_WARN_DIRECT_OBJC_ISA_USAGE = YES_ERROR;
				CLANG_WARN_DOCUMENTATION_COMMENTS = YES;
				CLANG_WARN_EMPTY_BODY = YES;
				CLANG_WARN_ENUM_CONVERSION = YES;
				CLANG_WARN_INFINITE_RECURSION = YES;
				CLANG_WARN_INT_CONVERSION = YES;
				CLANG_WARN_NON_LITERAL_NULL_CONVERSION = YES;
				CLANG_WARN_OBJC_IMPLICIT_RETAIN_SELF = YES;
				CLANG_WARN_OBJC_LITERAL_CONVERSION = YES;
				CLANG_WARN_OBJC_ROOT_CLASS = YES_ERROR;
				CLANG_WARN_QUOTED_INCLUDE_IN_FRAMEWORK_HEADER = YES;
				CLANG_WARN_RANGE_LOOP_ANALYSIS = YES;
				CLANG_WARN_STRICT_PROTOTYPES = YES;
				CLANG_WARN_SUSPICIOUS_MOVE = YES;
				CLANG_WARN_UNGUARDED_AVAILABILITY = YES_AGGRESSIVE;
				CLANG_WARN_UNREACHABLE_CODE = YES;
				CLANG_WARN__DUPLICATE_METHOD_MATCH = YES;
				COPY_PHASE_STRIP = NO;
				DEBUG_INFORMATION_FORMAT = "dwarf-with-dsym";
				ENABLE_NS_ASSERTIONS = NO;
				ENABLE_STRICT_OBJC_MSGSEND = YES;
				GCC_C_LANGUAGE_STANDARD = gnu11;
				GCC_NO_COMMON_BLOCKS = YES;
				GCC_WARN_64_TO_32_BIT_CONVERSION = YES;
				GCC_WARN_ABOUT_RETURN_TYPE = YES_ERROR;
				GCC_WARN_UNDECLARED_SELECTOR = YES;
				GCC_WARN_UNINITIALIZED_AUTOS = YES_AGGRESSIVE;
				GCC_WARN_UNUSED_FUNCTION = YES;
				GCC_WARN_UNUSED_VARIABLE = YES;
				IPHONEOS_DEPLOYMENT_TARGET = 16.4;
				MTL_ENABLE_DEBUG_INFO = NO;
				MTL_FAST_MATH = YES;
				SDKROOT = iphoneos;
				SWIFT_COMPILATION_MODE = wholemodule;
				SWIFT_OPTIMIZATION_LEVEL = "-O";
				VALIDATE_PRODUCT = YES;
			};
			name = Release;
		};
		FDFA0E132C9FBCF6007B2070 /* Debug */ = {
			isa = XCBuildConfiguration;
			buildSettings = {
				ASSETCATALOG_COMPILER_APPICON_NAME = AppIcon;
				ASSETCATALOG_COMPILER_GLOBAL_ACCENT_COLOR_NAME = AccentColor;
				CODE_SIGN_STYLE = Automatic;
				CURRENT_PROJECT_VERSION = 1;
				DEVELOPMENT_ASSET_PATHS = "\"BaconCoders_OMG_iOS/Preview Content\"";
				DEVELOPMENT_TEAM = DW83XL6B4B;
				ENABLE_PREVIEWS = YES;
				GENERATE_INFOPLIST_FILE = YES;
				INFOPLIST_KEY_UIApplicationSceneManifest_Generation = YES;
				INFOPLIST_KEY_UIApplicationSupportsIndirectInputEvents = YES;
				INFOPLIST_KEY_UILaunchScreen_Generation = YES;
				INFOPLIST_KEY_UISupportedInterfaceOrientations_iPad = "UIInterfaceOrientationPortrait UIInterfaceOrientationPortraitUpsideDown UIInterfaceOrientationLandscapeLeft UIInterfaceOrientationLandscapeRight";
				INFOPLIST_KEY_UISupportedInterfaceOrientations_iPhone = "UIInterfaceOrientationPortrait UIInterfaceOrientationLandscapeLeft UIInterfaceOrientationLandscapeRight";
				LD_RUNPATH_SEARCH_PATHS = (
					"$(inherited)",
					"@executable_path/Frameworks",
				);
				MARKETING_VERSION = 1.0;
				PRODUCT_BUNDLE_IDENTIFIER = "bhpark.BaconCoders-OMG-iOS";
				PRODUCT_NAME = "$(TARGET_NAME)";
				SWIFT_EMIT_LOC_STRINGS = YES;
				SWIFT_VERSION = 5.0;
				TARGETED_DEVICE_FAMILY = "1,2";
			};
			name = Debug;
		};
		FDFA0E142C9FBCF6007B2070 /* Release */ = {
			isa = XCBuildConfiguration;
			buildSettings = {
				ASSETCATALOG_COMPILER_APPICON_NAME = AppIcon;
				ASSETCATALOG_COMPILER_GLOBAL_ACCENT_COLOR_NAME = AccentColor;
				CODE_SIGN_STYLE = Automatic;
				CURRENT_PROJECT_VERSION = 1;
				DEVELOPMENT_ASSET_PATHS = "\"BaconCoders_OMG_iOS/Preview Content\"";
				DEVELOPMENT_TEAM = DW83XL6B4B;
				ENABLE_PREVIEWS = YES;
				GENERATE_INFOPLIST_FILE = YES;
				INFOPLIST_KEY_UIApplicationSceneManifest_Generation = YES;
				INFOPLIST_KEY_UIApplicationSupportsIndirectInputEvents = YES;
				INFOPLIST_KEY_UILaunchScreen_Generation = YES;
				INFOPLIST_KEY_UISupportedInterfaceOrientations_iPad = "UIInterfaceOrientationPortrait UIInterfaceOrientationPortraitUpsideDown UIInterfaceOrientationLandscapeLeft UIInterfaceOrientationLandscapeRight";
				INFOPLIST_KEY_UISupportedInterfaceOrientations_iPhone = "UIInterfaceOrientationPortrait UIInterfaceOrientationLandscapeLeft UIInterfaceOrientationLandscapeRight";
				LD_RUNPATH_SEARCH_PATHS = (
					"$(inherited)",
					"@executable_path/Frameworks",
				);
				MARKETING_VERSION = 1.0;
				PRODUCT_BUNDLE_IDENTIFIER = "bhpark.BaconCoders-OMG-iOS";
				PRODUCT_NAME = "$(TARGET_NAME)";
				SWIFT_EMIT_LOC_STRINGS = YES;
				SWIFT_VERSION = 5.0;
				TARGETED_DEVICE_FAMILY = "1,2";
			};
			name = Release;
		};
		FDFA0E162C9FBCF6007B2070 /* Debug */ = {
			isa = XCBuildConfiguration;
			buildSettings = {
				ALWAYS_EMBED_SWIFT_STANDARD_LIBRARIES = YES;
				BUNDLE_LOADER = "$(TEST_HOST)";
				CODE_SIGN_STYLE = Automatic;
				CURRENT_PROJECT_VERSION = 1;
				DEVELOPMENT_TEAM = DW83XL6B4B;
				GENERATE_INFOPLIST_FILE = YES;
				IPHONEOS_DEPLOYMENT_TARGET = 16.4;
				MARKETING_VERSION = 1.0;
				PRODUCT_BUNDLE_IDENTIFIER = "bhpark.BaconCoders-OMG-iOSTests";
				PRODUCT_NAME = "$(TARGET_NAME)";
				SWIFT_EMIT_LOC_STRINGS = NO;
				SWIFT_VERSION = 5.0;
				TARGETED_DEVICE_FAMILY = "1,2";
				TEST_HOST = "$(BUILT_PRODUCTS_DIR)/BaconCoders_OMG_iOS.app/$(BUNDLE_EXECUTABLE_FOLDER_PATH)/BaconCoders_OMG_iOS";
			};
			name = Debug;
		};
		FDFA0E172C9FBCF6007B2070 /* Release */ = {
			isa = XCBuildConfiguration;
			buildSettings = {
				ALWAYS_EMBED_SWIFT_STANDARD_LIBRARIES = YES;
				BUNDLE_LOADER = "$(TEST_HOST)";
				CODE_SIGN_STYLE = Automatic;
				CURRENT_PROJECT_VERSION = 1;
				DEVELOPMENT_TEAM = DW83XL6B4B;
				GENERATE_INFOPLIST_FILE = YES;
				IPHONEOS_DEPLOYMENT_TARGET = 16.4;
				MARKETING_VERSION = 1.0;
				PRODUCT_BUNDLE_IDENTIFIER = "bhpark.BaconCoders-OMG-iOSTests";
				PRODUCT_NAME = "$(TARGET_NAME)";
				SWIFT_EMIT_LOC_STRINGS = NO;
				SWIFT_VERSION = 5.0;
				TARGETED_DEVICE_FAMILY = "1,2";
				TEST_HOST = "$(BUILT_PRODUCTS_DIR)/BaconCoders_OMG_iOS.app/$(BUNDLE_EXECUTABLE_FOLDER_PATH)/BaconCoders_OMG_iOS";
			};
			name = Release;
		};
		FDFA0E192C9FBCF6007B2070 /* Debug */ = {
			isa = XCBuildConfiguration;
			buildSettings = {
				ALWAYS_EMBED_SWIFT_STANDARD_LIBRARIES = YES;
				CODE_SIGN_STYLE = Automatic;
				CURRENT_PROJECT_VERSION = 1;
				DEVELOPMENT_TEAM = DW83XL6B4B;
				GENERATE_INFOPLIST_FILE = YES;
				MARKETING_VERSION = 1.0;
				PRODUCT_BUNDLE_IDENTIFIER = "bhpark.BaconCoders-OMG-iOSUITests";
				PRODUCT_NAME = "$(TARGET_NAME)";
				SWIFT_EMIT_LOC_STRINGS = NO;
				SWIFT_VERSION = 5.0;
				TARGETED_DEVICE_FAMILY = "1,2";
				TEST_TARGET_NAME = BaconCoders_OMG_iOS;
			};
			name = Debug;
		};
		FDFA0E1A2C9FBCF6007B2070 /* Release */ = {
			isa = XCBuildConfiguration;
			buildSettings = {
				ALWAYS_EMBED_SWIFT_STANDARD_LIBRARIES = YES;
				CODE_SIGN_STYLE = Automatic;
				CURRENT_PROJECT_VERSION = 1;
				DEVELOPMENT_TEAM = DW83XL6B4B;
				GENERATE_INFOPLIST_FILE = YES;
				MARKETING_VERSION = 1.0;
				PRODUCT_BUNDLE_IDENTIFIER = "bhpark.BaconCoders-OMG-iOSUITests";
				PRODUCT_NAME = "$(TARGET_NAME)";
				SWIFT_EMIT_LOC_STRINGS = NO;
				SWIFT_VERSION = 5.0;
				TARGETED_DEVICE_FAMILY = "1,2";
				TEST_TARGET_NAME = BaconCoders_OMG_iOS;
			};
			name = Release;
		};
/* End XCBuildConfiguration section */

/* Begin XCConfigurationList section */
		FDFA0DE42C9FBCF1007B2070 /* Build configuration list for PBXProject "BaconCoders_OMG_iOS" */ = {
			isa = XCConfigurationList;
			buildConfigurations = (
				FDFA0E102C9FBCF6007B2070 /* Debug */,
				FDFA0E112C9FBCF6007B2070 /* Release */,
			);
			defaultConfigurationIsVisible = 0;
			defaultConfigurationName = Release;
		};
		FDFA0E122C9FBCF6007B2070 /* Build configuration list for PBXNativeTarget "BaconCoders_OMG_iOS" */ = {
			isa = XCConfigurationList;
			buildConfigurations = (
				FDFA0E132C9FBCF6007B2070 /* Debug */,
				FDFA0E142C9FBCF6007B2070 /* Release */,
			);
			defaultConfigurationIsVisible = 0;
			defaultConfigurationName = Release;
		};
		FDFA0E152C9FBCF6007B2070 /* Build configuration list for PBXNativeTarget "BaconCoders_OMG_iOSTests" */ = {
			isa = XCConfigurationList;
			buildConfigurations = (
				FDFA0E162C9FBCF6007B2070 /* Debug */,
				FDFA0E172C9FBCF6007B2070 /* Release */,
			);
			defaultConfigurationIsVisible = 0;
			defaultConfigurationName = Release;
		};
		FDFA0E182C9FBCF6007B2070 /* Build configuration list for PBXNativeTarget "BaconCoders_OMG_iOSUITests" */ = {
			isa = XCConfigurationList;
			buildConfigurations = (
				FDFA0E192C9FBCF6007B2070 /* Debug */,
				FDFA0E1A2C9FBCF6007B2070 /* Release */,
			);
			defaultConfigurationIsVisible = 0;
			defaultConfigurationName = Release;
		};
/* End XCConfigurationList section */

/* Begin XCVersionGroup section */
		FDFA0DF72C9FBCF5007B2070 /* BaconCoders_OMG_iOS.xcdatamodeld */ = {
			isa = XCVersionGroup;
			children = (
				FDFA0DF82C9FBCF5007B2070 /* BaconCoders_OMG_iOS.xcdatamodel */,
			);
			currentVersion = FDFA0DF82C9FBCF5007B2070 /* BaconCoders_OMG_iOS.xcdatamodel */;
			path = BaconCoders_OMG_iOS.xcdatamodeld;
			sourceTree = "<group>";
			versionGroupType = wrapper.xcdatamodel;
		};
/* End XCVersionGroup section */
	};
	rootObject = FDFA0DE12C9FBCF1007B2070 /* Project object */;
}
